
Microsoft Visual Studio Solution File, Format Version 12.00
# Visual Studio Version 16
VisualStudioVersion = 16.0.30804.86
MinimumVisualStudioVersion = 10.0.40219.1
Project("{FAE04EC0-301F-11D3-BF4B-00C04F79EFBC}") = "dumpkey", "dumpkey.csproj", "{7663DAE0-5E52-46C7-988E-F4680074D878}"
EndProject
Global
	GlobalSection(SolutionConfigurationPlatforms) = preSolution
		Debug|Any CPU = Debug|Any CPU
		Release|Any CPU = Release|Any CPU
	EndGlobalSection
	GlobalSection(ProjectConfigurationPlatforms) = postSolution
		{7663DAE0-5E52-46C7-988E-F4680074D878}.Debug|Any CPU.ActiveCfg = Debug|Any CPU
		{7663DAE0-5E52-46C7-988E-F4680074D878}.Debug|Any CPU.Build.0 = Debug|Any CPU
		{7663DAE0-5E52-46C7-988E-F4680074D878}.Release|Any CPU.ActiveCfg = Release|Any CPU
		{7663DAE0-5E52-46C7-988E-F4680074D878}.Release|Any CPU.Build.0 = Release|Any CPU
	EndGlobalSection
	GlobalSection(SolutionProperties) = preSolution
		HideSolutionNode = FALSE
	EndGlobalSection
	GlobalSection(ExtensibilityGlobals) = postSolution
		SolutionGuid = {65280179-EED6-4BAC-ABF0-DB6B89C15FD3}
	EndGlobalSection
EndGlobal
